
Microsoft Visual Studio Solution File, Format Version 12.00
# Visual Studio Version 16
VisualStudioVersion = 16.0.30907.101
MinimumVisualStudioVersion = 10.0.40219.1
Project("{9A19103F-16F7-4668-BE54-9A1E7A4F7556}") = "Assignment7", "Assignment7.csproj", "{DD1A76BC-1F0F-4F89-9D60-34CB024E928A}"
EndProject
Global
	GlobalSection(SolutionConfigurationPlatforms) = preSolution
		Debug|Any CPU = Debug|Any CPU
		Release|Any CPU = Release|Any CPU
	EndGlobalSection
	GlobalSection(ProjectConfigurationPlatforms) = postSolution
		{DD1A76BC-1F0F-4F89-9D60-34CB024E928A}.Debug|Any CPU.ActiveCfg = Debug|Any CPU
		{DD1A76BC-1F0F-4F89-9D60-34CB024E928A}.Debug|Any CPU.Build.0 = Debug|Any CPU
		{DD1A76BC-1F0F-4F89-9D60-34CB024E928A}.Release|Any CPU.ActiveCfg = Release|Any CPU
		{DD1A76BC-1F0F-4F89-9D60-34CB024E928A}.Release|Any CPU.Build.0 = Release|Any CPU
	EndGlobalSection
	GlobalSection(SolutionProperties) = preSolution
		HideSolutionNode = FALSE
	EndGlobalSection
	GlobalSection(ExtensibilityGlobals) = postSolution
		SolutionGuid = {BB0EFC8E-3AFA-4E83-A1EE-AB44F85EAEBF}
	EndGlobalSection
EndGlobal
